// !$*UTF8*$!
{
	archiveVersion = 1;
	classes = {
	};
	objectVersion = 46;
	objects = {

/* Begin PBXBuildFile section */
		400005341B87A6F50034C9E7 /* LLYandexResponse.m in Sources */ = {isa = PBXBuildFile; fileRef = 400005331B87A6F50034C9E7 /* LLYandexResponse.m */; };
		400005371B87AADA0034C9E7 /* LLTranslationResponse.m in Sources */ = {isa = PBXBuildFile; fileRef = 400005361B87AADA0034C9E7 /* LLTranslationResponse.m */; };
		4000053A1B87B9DE0034C9E7 /* LLTwoColumnTableViewCell.m in Sources */ = {isa = PBXBuildFile; fileRef = 400005391B87B9DE0034C9E7 /* LLTwoColumnTableViewCell.m */; };
		4000053E1B87F75A0034C9E7 /* LLReachability.m in Sources */ = {isa = PBXBuildFile; fileRef = 4000053D1B87F75A0034C9E7 /* LLReachability.m */; };
		400005431B8816A10034C9E7 /* LLTableHeaderView.m in Sources */ = {isa = PBXBuildFile; fileRef = 400005421B8816A10034C9E7 /* LLTableHeaderView.m */; };
		4008423E1B863614002939E0 /* LLYandexTranslationAPIService.m in Sources */ = {isa = PBXBuildFile; fileRef = 4008423D1B863614002939E0 /* LLYandexTranslationAPIService.m */; };
		40F1CA211B876FC500260005 /* ITranslationService.m in Sources */ = {isa = PBXBuildFile; fileRef = 40F1CA201B876FC500260005 /* ITranslationService.m */; };
		40F301F51B84FFC0000791F8 /* main.m in Sources */ = {isa = PBXBuildFile; fileRef = 40F301F41B84FFC0000791F8 /* main.m */; };
		40F302001B84FFC0000791F8 /* Images.xcassets in Resources */ = {isa = PBXBuildFile; fileRef = 40F301FF1B84FFC0000791F8 /* Images.xcassets */; };
		40F302031B84FFC0000791F8 /* LaunchScreen.xib in Resources */ = {isa = PBXBuildFile; fileRef = 40F302011B84FFC0000791F8 /* LaunchScreen.xib */; };
		40F3020F1B84FFC0000791F8 /* LLDictionaryTestTests.m in Sources */ = {isa = PBXBuildFile; fileRef = 40F3020E1B84FFC0000791F8 /* LLDictionaryTestTests.m */; };
		40F3021B1B8500A7000791F8 /* AppDelegate.m in Sources */ = {isa = PBXBuildFile; fileRef = 40F3021A1B8500A7000791F8 /* AppDelegate.m */; };
		40F302221B850298000791F8 /* LLDictionaryViewController.m in Sources */ = {isa = PBXBuildFile; fileRef = 40F302201B850298000791F8 /* LLDictionaryViewController.m */; };
		40F302231B850298000791F8 /* LLDictionaryViewController.xib in Resources */ = {isa = PBXBuildFile; fileRef = 40F302211B850298000791F8 /* LLDictionaryViewController.xib */; };
		40F302321B8520E9000791F8 /* Localizable.strings in Resources */ = {isa = PBXBuildFile; fileRef = 40F302301B8520E9000791F8 /* Localizable.strings */; };
		40F302361B8525A9000791F8 /* LLDictionaryStore.m in Sources */ = {isa = PBXBuildFile; fileRef = 40F302351B8525A9000791F8 /* LLDictionaryStore.m */; };
		40F3023A1B8530C6000791F8 /* IStorage.m in Sources */ = {isa = PBXBuildFile; fileRef = 40F302391B8530C6000791F8 /* IStorage.m */; };
		40F3023D1B85E621000791F8 /* LLWordItem.m in Sources */ = {isa = PBXBuildFile; fileRef = 40F3023C1B85E621000791F8 /* LLWordItem.m */; };
		40F302401B85F319000791F8 /* FileStorage.m in Sources */ = {isa = PBXBuildFile; fileRef = 40F3023F1B85F319000791F8 /* FileStorage.m */; };
/* End PBXBuildFile section */

/* Begin PBXContainerItemProxy section */
		40F302091B84FFC0000791F8 /* PBXContainerItemProxy */ = {
			isa = PBXContainerItemProxy;
			containerPortal = 40F301E71B84FFC0000791F8 /* Project object */;
			proxyType = 1;
			remoteGlobalIDString = 40F301EE1B84FFC0000791F8;
			remoteInfo = LLDictionaryTest;
		};
/* End PBXContainerItemProxy section */

/* Begin PBXFileReference section */
		400005321B87A6F50034C9E7 /* LLYandexResponse.h */ = {isa = PBXFileReference; fileEncoding = 4; lastKnownFileType = sourcecode.c.h; name = LLYandexResponse.h; path = services/LLYandexResponse.h; sourceTree = "<group>"; };
		400005331B87A6F50034C9E7 /* LLYandexResponse.m */ = {isa = PBXFileReference; fileEncoding = 4; lastKnownFileType = sourcecode.c.objc; name = LLYandexResponse.m; path = services/LLYandexResponse.m; sourceTree = "<group>"; };
		400005351B87AADA0034C9E7 /* LLTranslationResponse.h */ = {isa = PBXFileReference; fileEncoding = 4; lastKnownFileType = sourcecode.c.h; name = LLTranslationResponse.h; path = services/LLTranslationResponse.h; sourceTree = "<group>"; };
		400005361B87AADA0034C9E7 /* LLTranslationResponse.m */ = {isa = PBXFileReference; fileEncoding = 4; lastKnownFileType = sourcecode.c.objc; name = LLTranslationResponse.m; path = services/LLTranslationResponse.m; sourceTree = "<group>"; };
		400005381B87B9DE0034C9E7 /* LLTwoColumnTableViewCell.h */ = {isa = PBXFileReference; fileEncoding = 4; lastKnownFileType = sourcecode.c.h; name = LLTwoColumnTableViewCell.h; path = dictionary/LLTwoColumnTableViewCell.h; sourceTree = "<group>"; };
		400005391B87B9DE0034C9E7 /* LLTwoColumnTableViewCell.m */ = {isa = PBXFileReference; fileEncoding = 4; lastKnownFileType = sourcecode.c.objc; name = LLTwoColumnTableViewCell.m; path = dictionary/LLTwoColumnTableViewCell.m; sourceTree = "<group>"; };
		4000053C1B87F75A0034C9E7 /* LLReachability.h */ = {isa = PBXFileReference; fileEncoding = 4; lastKnownFileType = sourcecode.c.h; path = LLReachability.h; sourceTree = "<group>"; };
		4000053D1B87F75A0034C9E7 /* LLReachability.m */ = {isa = PBXFileReference; fileEncoding = 4; lastKnownFileType = sourcecode.c.objc; path = LLReachability.m; sourceTree = "<group>"; };
		400005411B8816A10034C9E7 /* LLTableHeaderView.h */ = {isa = PBXFileReference; fileEncoding = 4; lastKnownFileType = sourcecode.c.h; name = LLTableHeaderView.h; path = dictionary/LLTableHeaderView.h; sourceTree = "<group>"; };
		400005421B8816A10034C9E7 /* LLTableHeaderView.m */ = {isa = PBXFileReference; fileEncoding = 4; lastKnownFileType = sourcecode.c.objc; name = LLTableHeaderView.m; path = dictionary/LLTableHeaderView.m; sourceTree = "<group>"; };
		4008423C1B863614002939E0 /* LLYandexTranslationAPIService.h */ = {isa = PBXFileReference; fileEncoding = 4; lastKnownFileType = sourcecode.c.h; name = LLYandexTranslationAPIService.h; path = services/LLYandexTranslationAPIService.h; sourceTree = "<group>"; };
		4008423D1B863614002939E0 /* LLYandexTranslationAPIService.m */ = {isa = PBXFileReference; fileEncoding = 4; lastKnownFileType = sourcecode.c.objc; name = LLYandexTranslationAPIService.m; path = services/LLYandexTranslationAPIService.m; sourceTree = "<group>"; };
		40F1CA1F1B876FC500260005 /* ITranslationService.h */ = {isa = PBXFileReference; fileEncoding = 4; lastKnownFileType = sourcecode.c.h; name = ITranslationService.h; path = services/ITranslationService.h; sourceTree = "<group>"; };
		40F1CA201B876FC500260005 /* ITranslationService.m */ = {isa = PBXFileReference; fileEncoding = 4; lastKnownFileType = sourcecode.c.objc; name = ITranslationService.m; path = services/ITranslationService.m; sourceTree = "<group>"; };
		40F301EF1B84FFC0000791F8 /* LLDictionaryTest.app */ = {isa = PBXFileReference; explicitFileType = wrapper.application; includeInIndex = 0; path = LLDictionaryTest.app; sourceTree = BUILT_PRODUCTS_DIR; };
		40F301F31B84FFC0000791F8 /* Info.plist */ = {isa = PBXFileReference; lastKnownFileType = text.plist.xml; path = Info.plist; sourceTree = "<group>"; };
		40F301F41B84FFC0000791F8 /* main.m */ = {isa = PBXFileReference; lastKnownFileType = sourcecode.c.objc; path = main.m; sourceTree = "<group>"; };
		40F301FF1B84FFC0000791F8 /* Images.xcassets */ = {isa = PBXFileReference; lastKnownFileType = folder.assetcatalog; path = Images.xcassets; sourceTree = "<group>"; };
		40F302021B84FFC0000791F8 /* Base */ = {isa = PBXFileReference; lastKnownFileType = file.xib; name = Base; path = Base.lproj/LaunchScreen.xib; sourceTree = "<group>"; };
		40F302081B84FFC0000791F8 /* LLDictionaryTestTests.xctest */ = {isa = PBXFileReference; explicitFileType = wrapper.cfbundle; includeInIndex = 0; path = LLDictionaryTestTests.xctest; sourceTree = BUILT_PRODUCTS_DIR; };
		40F3020D1B84FFC0000791F8 /* Info.plist */ = {isa = PBXFileReference; lastKnownFileType = text.plist.xml; path = Info.plist; sourceTree = "<group>"; };
		40F3020E1B84FFC0000791F8 /* LLDictionaryTestTests.m */ = {isa = PBXFileReference; lastKnownFileType = sourcecode.c.objc; path = LLDictionaryTestTests.m; sourceTree = "<group>"; };
		40F302191B8500A7000791F8 /* AppDelegate.h */ = {isa = PBXFileReference; fileEncoding = 4; lastKnownFileType = sourcecode.c.h; path = AppDelegate.h; sourceTree = "<group>"; };
		40F3021A1B8500A7000791F8 /* AppDelegate.m */ = {isa = PBXFileReference; fileEncoding = 4; lastKnownFileType = sourcecode.c.objc; path = AppDelegate.m; sourceTree = "<group>"; };
		40F3021F1B850298000791F8 /* LLDictionaryViewController.h */ = {isa = PBXFileReference; fileEncoding = 4; lastKnownFileType = sourcecode.c.h; name = LLDictionaryViewController.h; path = dictionary/LLDictionaryViewController.h; sourceTree = "<group>"; };
		40F302201B850298000791F8 /* LLDictionaryViewController.m */ = {isa = PBXFileReference; fileEncoding = 4; lastKnownFileType = sourcecode.c.objc; name = LLDictionaryViewController.m; path = dictionary/LLDictionaryViewController.m; sourceTree = "<group>"; };
		40F302211B850298000791F8 /* LLDictionaryViewController.xib */ = {isa = PBXFileReference; fileEncoding = 4; lastKnownFileType = file.xib; name = LLDictionaryViewController.xib; path = dictionary/LLDictionaryViewController.xib; sourceTree = "<group>"; };
		40F302311B8520E9000791F8 /* ru-RU */ = {isa = PBXFileReference; lastKnownFileType = text.plist.strings; name = "ru-RU"; path = "ru-RU.lproj/Localizable.strings"; sourceTree = "<group>"; };
		40F302331B8520F4000791F8 /* Base */ = {isa = PBXFileReference; lastKnownFileType = text.plist.strings; name = Base; path = Base.lproj/Localizable.strings; sourceTree = "<group>"; };
		40F302341B8525A9000791F8 /* LLDictionaryStore.h */ = {isa = PBXFileReference; fileEncoding = 4; lastKnownFileType = sourcecode.c.h; name = LLDictionaryStore.h; path = dictionary/LLDictionaryStore.h; sourceTree = "<group>"; };
		40F302351B8525A9000791F8 /* LLDictionaryStore.m */ = {isa = PBXFileReference; fileEncoding = 4; lastKnownFileType = sourcecode.c.objc; name = LLDictionaryStore.m; path = dictionary/LLDictionaryStore.m; sourceTree = "<group>"; };
		40F302381B8530C6000791F8 /* IStorage.h */ = {isa = PBXFileReference; fileEncoding = 4; lastKnownFileType = sourcecode.c.h; name = IStorage.h; path = storage/IStorage.h; sourceTree = "<group>"; };
		40F302391B8530C6000791F8 /* IStorage.m */ = {isa = PBXFileReference; fileEncoding = 4; lastKnownFileType = sourcecode.c.objc; name = IStorage.m; path = storage/IStorage.m; sourceTree = "<group>"; };
		40F3023B1B85E621000791F8 /* LLWordItem.h */ = {isa = PBXFileReference; fileEncoding = 4; lastKnownFileType = sourcecode.c.h; name = LLWordItem.h; path = dictionary/LLWordItem.h; sourceTree = "<group>"; };
		40F3023C1B85E621000791F8 /* LLWordItem.m */ = {isa = PBXFileReference; fileEncoding = 4; lastKnownFileType = sourcecode.c.objc; name = LLWordItem.m; path = dictionary/LLWordItem.m; sourceTree = "<group>"; };
		40F3023E1B85F319000791F8 /* FileStorage.h */ = {isa = PBXFileReference; fileEncoding = 4; lastKnownFileType = sourcecode.c.h; name = FileStorage.h; path = storage/FileStorage.h; sourceTree = "<group>"; };
		40F3023F1B85F319000791F8 /* FileStorage.m */ = {isa = PBXFileReference; fileEncoding = 4; lastKnownFileType = sourcecode.c.objc; name = FileStorage.m; path = storage/FileStorage.m; sourceTree = "<group>"; };
/* End PBXFileReference section */

/* Begin PBXFrameworksBuildPhase section */
		40F301EC1B84FFC0000791F8 /* Frameworks */ = {
			isa = PBXFrameworksBuildPhase;
			buildActionMask = 2147483647;
			files = (
			);
			runOnlyForDeploymentPostprocessing = 0;
		};
		40F302051B84FFC0000791F8 /* Frameworks */ = {
			isa = PBXFrameworksBuildPhase;
			buildActionMask = 2147483647;
			files = (
			);
			runOnlyForDeploymentPostprocessing = 0;
		};
/* End PBXFrameworksBuildPhase section */

/* Begin PBXGroup section */
		4000053B1B87F7030034C9E7 /* checkers */ = {
			isa = PBXGroup;
			children = (
				4000053C1B87F75A0034C9E7 /* LLReachability.h */,
				4000053D1B87F75A0034C9E7 /* LLReachability.m */,
			);
			path = checkers;
			sourceTree = "<group>";
		};
		4008423B1B8634D3002939E0 /* services */ = {
			isa = PBXGroup;
			children = (
				4008423C1B863614002939E0 /* LLYandexTranslationAPIService.h */,
				4008423D1B863614002939E0 /* LLYandexTranslationAPIService.m */,
				40F1CA1F1B876FC500260005 /* ITranslationService.h */,
				40F1CA201B876FC500260005 /* ITranslationService.m */,
				400005321B87A6F50034C9E7 /* LLYandexResponse.h */,
				400005331B87A6F50034C9E7 /* LLYandexResponse.m */,
				400005351B87AADA0034C9E7 /* LLTranslationResponse.h */,
				400005361B87AADA0034C9E7 /* LLTranslationResponse.m */,
			);
			name = services;
			sourceTree = "<group>";
		};
		40F301E61B84FFC0000791F8 = {
			isa = PBXGroup;
			children = (
				40F301F11B84FFC0000791F8 /* LLDictionaryTest */,
				40F3020B1B84FFC0000791F8 /* LLDictionaryTestTests */,
				40F301F01B84FFC0000791F8 /* Products */,
			);
			sourceTree = "<group>";
		};
		40F301F01B84FFC0000791F8 /* Products */ = {
			isa = PBXGroup;
			children = (
				40F301EF1B84FFC0000791F8 /* LLDictionaryTest.app */,
				40F302081B84FFC0000791F8 /* LLDictionaryTestTests.xctest */,
			);
			name = Products;
			sourceTree = "<group>";
		};
		40F301F11B84FFC0000791F8 /* LLDictionaryTest */ = {
			isa = PBXGroup;
			children = (
				40F302301B8520E9000791F8 /* Localizable.strings */,
				40F302181B850026000791F8 /* classes */,
				40F301FF1B84FFC0000791F8 /* Images.xcassets */,
				40F302011B84FFC0000791F8 /* LaunchScreen.xib */,
				40F301F21B84FFC0000791F8 /* Supporting Files */,
			);
			path = LLDictionaryTest;
			sourceTree = "<group>";
		};
		40F301F21B84FFC0000791F8 /* Supporting Files */ = {
			isa = PBXGroup;
			children = (
				40F301F31B84FFC0000791F8 /* Info.plist */,
				40F301F41B84FFC0000791F8 /* main.m */,
			);
			name = "Supporting Files";
			sourceTree = "<group>";
		};
		40F3020B1B84FFC0000791F8 /* LLDictionaryTestTests */ = {
			isa = PBXGroup;
			children = (
				40F3020E1B84FFC0000791F8 /* LLDictionaryTestTests.m */,
				40F3020C1B84FFC0000791F8 /* Supporting Files */,
			);
			path = LLDictionaryTestTests;
			sourceTree = "<group>";
		};
		40F3020C1B84FFC0000791F8 /* Supporting Files */ = {
			isa = PBXGroup;
			children = (
				40F3020D1B84FFC0000791F8 /* Info.plist */,
			);
			name = "Supporting Files";
			sourceTree = "<group>";
		};
		40F302181B850026000791F8 /* classes */ = {
			isa = PBXGroup;
			children = (
				4000053B1B87F7030034C9E7 /* checkers */,
				4008423B1B8634D3002939E0 /* services */,
				40F302371B85307A000791F8 /* storage */,
				40F3021C1B8500B6000791F8 /* dictionary */,
				40F302191B8500A7000791F8 /* AppDelegate.h */,
				40F3021A1B8500A7000791F8 /* AppDelegate.m */,
			);
			path = classes;
			sourceTree = "<group>";
		};
		40F3021C1B8500B6000791F8 /* dictionary */ = {
			isa = PBXGroup;
			children = (
				400005381B87B9DE0034C9E7 /* LLTwoColumnTableViewCell.h */,
				400005411B8816A10034C9E7 /* LLTableHeaderView.h */,
				400005421B8816A10034C9E7 /* LLTableHeaderView.m */,
				400005391B87B9DE0034C9E7 /* LLTwoColumnTableViewCell.m */,
				40F3021F1B850298000791F8 /* LLDictionaryViewController.h */,
				40F302201B850298000791F8 /* LLDictionaryViewController.m */,
				40F302211B850298000791F8 /* LLDictionaryViewController.xib */,
				40F302341B8525A9000791F8 /* LLDictionaryStore.h */,
				40F302351B8525A9000791F8 /* LLDictionaryStore.m */,
				40F3023B1B85E621000791F8 /* LLWordItem.h */,
				40F3023C1B85E621000791F8 /* LLWordItem.m */,
			);
			name = dictionary;
			sourceTree = "<group>";
		};
		40F302371B85307A000791F8 /* storage */ = {
			isa = PBXGroup;
			children = (
				40F302381B8530C6000791F8 /* IStorage.h */,
				40F302391B8530C6000791F8 /* IStorage.m */,
				40F3023E1B85F319000791F8 /* FileStorage.h */,
				40F3023F1B85F319000791F8 /* FileStorage.m */,
			);
			name = storage;
			sourceTree = "<group>";
		};
/* End PBXGroup section */

/* Begin PBXNativeTarget section */
		40F301EE1B84FFC0000791F8 /* LLDictionaryTest */ = {
			isa = PBXNativeTarget;
			buildConfigurationList = 40F302121B84FFC0000791F8 /* Build configuration list for PBXNativeTarget "LLDictionaryTest" */;
			buildPhases = (
				40F301EB1B84FFC0000791F8 /* Sources */,
				40F301EC1B84FFC0000791F8 /* Frameworks */,
				40F301ED1B84FFC0000791F8 /* Resources */,
			);
			buildRules = (
			);
			dependencies = (
			);
			name = LLDictionaryTest;
			productName = LLDictionaryTest;
			productReference = 40F301EF1B84FFC0000791F8 /* LLDictionaryTest.app */;
			productType = "com.apple.product-type.application";
		};
		40F302071B84FFC0000791F8 /* LLDictionaryTestTests */ = {
			isa = PBXNativeTarget;
			buildConfigurationList = 40F302151B84FFC0000791F8 /* Build configuration list for PBXNativeTarget "LLDictionaryTestTests" */;
			buildPhases = (
				40F302041B84FFC0000791F8 /* Sources */,
				40F302051B84FFC0000791F8 /* Frameworks */,
				40F302061B84FFC0000791F8 /* Resources */,
			);
			buildRules = (
			);
			dependencies = (
				40F3020A1B84FFC0000791F8 /* PBXTargetDependency */,
			);
			name = LLDictionaryTestTests;
			productName = LLDictionaryTestTests;
			productReference = 40F302081B84FFC0000791F8 /* LLDictionaryTestTests.xctest */;
			productType = "com.apple.product-type.bundle.unit-test";
		};
/* End PBXNativeTarget section */

/* Begin PBXProject section */
		40F301E71B84FFC0000791F8 /* Project object */ = {
			isa = PBXProject;
			attributes = {
				LastUpgradeCheck = 0620;
				ORGANIZATIONNAME = DCH;
				TargetAttributes = {
					40F301EE1B84FFC0000791F8 = {
						CreatedOnToolsVersion = 6.2;
					};
					40F302071B84FFC0000791F8 = {
						CreatedOnToolsVersion = 6.2;
						TestTargetID = 40F301EE1B84FFC0000791F8;
					};
				};
			};
			buildConfigurationList = 40F301EA1B84FFC0000791F8 /* Build configuration list for PBXProject "LLDictionaryTest" */;
			compatibilityVersion = "Xcode 3.2";
			developmentRegion = English;
			hasScannedForEncodings = 0;
			knownRegions = (
				en,
				Base,
				"ru-RU",
			);
			mainGroup = 40F301E61B84FFC0000791F8;
			productRefGroup = 40F301F01B84FFC0000791F8 /* Products */;
			projectDirPath = "";
			projectRoot = "";
			targets = (
				40F301EE1B84FFC0000791F8 /* LLDictionaryTest */,
				40F302071B84FFC0000791F8 /* LLDictionaryTestTests */,
			);
		};
/* End PBXProject section */

/* Begin PBXResourcesBuildPhase section */
		40F301ED1B84FFC0000791F8 /* Resources */ = {
			isa = PBXResourcesBuildPhase;
			buildActionMask = 2147483647;
			files = (
				40F302031B84FFC0000791F8 /* LaunchScreen.xib in Resources */,
				40F302321B8520E9000791F8 /* Localizable.strings in Resources */,
				40F302231B850298000791F8 /* LLDictionaryViewController.xib in Resources */,
				40F302001B84FFC0000791F8 /* Images.xcassets in Resources */,
			);
			runOnlyForDeploymentPostprocessing = 0;
		};
		40F302061B84FFC0000791F8 /* Resources */ = {
			isa = PBXResourcesBuildPhase;
			buildActionMask = 2147483647;
			files = (
			);
			runOnlyForDeploymentPostprocessing = 0;
		};
/* End PBXResourcesBuildPhase section */

/* Begin PBXSourcesBuildPhase section */
		40F301EB1B84FFC0000791F8 /* Sources */ = {
			isa = PBXSourcesBuildPhase;
			buildActionMask = 2147483647;
			files = (
				4000053E1B87F75A0034C9E7 /* LLReachability.m in Sources */,
				40F302221B850298000791F8 /* LLDictionaryViewController.m in Sources */,
				400005431B8816A10034C9E7 /* LLTableHeaderView.m in Sources */,
				400005341B87A6F50034C9E7 /* LLYandexResponse.m in Sources */,
				40F1CA211B876FC500260005 /* ITranslationService.m in Sources */,
				40F301F51B84FFC0000791F8 /* main.m in Sources */,
				40F302401B85F319000791F8 /* FileStorage.m in Sources */,
				400005371B87AADA0034C9E7 /* LLTranslationResponse.m in Sources */,
				40F3021B1B8500A7000791F8 /* AppDelegate.m in Sources */,
				40F302361B8525A9000791F8 /* LLDictionaryStore.m in Sources */,
				4008423E1B863614002939E0 /* LLYandexTranslationAPIService.m in Sources */,
				40F3023D1B85E621000791F8 /* LLWordItem.m in Sources */,
				4000053A1B87B9DE0034C9E7 /* LLTwoColumnTableViewCell.m in Sources */,
				40F3023A1B8530C6000791F8 /* IStorage.m in Sources */,
			);
			runOnlyForDeploymentPostprocessing = 0;
		};
		40F302041B84FFC0000791F8 /* Sources */ = {
			isa = PBXSourcesBuildPhase;
			buildActionMask = 2147483647;
			files = (
				40F3020F1B84FFC0000791F8 /* LLDictionaryTestTests.m in Sources */,
			);
			runOnlyForDeploymentPostprocessing = 0;
		};
/* End PBXSourcesBuildPhase section */

/* Begin PBXTargetDependency section */
		40F3020A1B84FFC0000791F8 /* PBXTargetDependency */ = {
			isa = PBXTargetDependency;
			target = 40F301EE1B84FFC0000791F8 /* LLDictionaryTest */;
			targetProxy = 40F302091B84FFC0000791F8 /* PBXContainerItemProxy */;
		};
/* End PBXTargetDependency section */

/* Begin PBXVariantGroup section */
		40F302011B84FFC0000791F8 /* LaunchScreen.xib */ = {
			isa = PBXVariantGroup;
			children = (
				40F302021B84FFC0000791F8 /* Base */,
			);
			name = LaunchScreen.xib;
			sourceTree = "<group>";
		};
		40F302301B8520E9000791F8 /* Localizable.strings */ = {
			isa = PBXVariantGroup;
			children = (
				40F302311B8520E9000791F8 /* ru-RU */,
				40F302331B8520F4000791F8 /* Base */,
			);
			name = Localizable.strings;
			sourceTree = "<group>";
		};
/* End PBXVariantGroup section */

/* Begin XCBuildConfiguration section */
		40F302101B84FFC0000791F8 /* Debug */ = {
			isa = XCBuildConfiguration;
			buildSettings = {
				ALWAYS_SEARCH_USER_PATHS = NO;
				CLANG_CXX_LANGUAGE_STANDARD = "gnu++0x";
				CLANG_CXX_LIBRARY = "libc++";
				CLANG_ENABLE_MODULES = YES;
				CLANG_ENABLE_OBJC_ARC = YES;
				CLANG_WARN_BOOL_CONVERSION = YES;
				CLANG_WARN_CONSTANT_CONVERSION = YES;
				CLANG_WARN_DIRECT_OBJC_ISA_USAGE = YES_ERROR;
				CLANG_WARN_EMPTY_BODY = YES;
				CLANG_WARN_ENUM_CONVERSION = YES;
				CLANG_WARN_INT_CONVERSION = YES;
				CLANG_WARN_OBJC_ROOT_CLASS = YES_ERROR;
				CLANG_WARN_UNREACHABLE_CODE = YES;
				CLANG_WARN__DUPLICATE_METHOD_MATCH = YES;
				"CODE_SIGN_IDENTITY[sdk=iphoneos*]" = "iPhone Developer";
				COPY_PHASE_STRIP = NO;
				ENABLE_STRICT_OBJC_MSGSEND = YES;
				GCC_C_LANGUAGE_STANDARD = gnu99;
				GCC_DYNAMIC_NO_PIC = NO;
				GCC_OPTIMIZATION_LEVEL = 0;
				GCC_PREPROCESSOR_DEFINITIONS = (
					"DEBUG=1",
					"$(inherited)",
				);
				GCC_SYMBOLS_PRIVATE_EXTERN = NO;
				GCC_WARN_64_TO_32_BIT_CONVERSION = YES;
				GCC_WARN_ABOUT_RETURN_TYPE = YES_ERROR;
				GCC_WARN_UNDECLARED_SELECTOR = YES;
				GCC_WARN_UNINITIALIZED_AUTOS = YES_AGGRESSIVE;
				GCC_WARN_UNUSED_FUNCTION = YES;
				GCC_WARN_UNUSED_VARIABLE = YES;
				IPHONEOS_DEPLOYMENT_TARGET = 8.2;
				MTL_ENABLE_DEBUG_INFO = YES;
				ONLY_ACTIVE_ARCH = YES;
				SDKROOT = iphoneos;
				TARGETED_DEVICE_FAMILY = "1,2";
			};
			name = Debug;
		};
		40F302111B84FFC0000791F8 /* Release */ = {
			isa = XCBuildConfiguration;
			buildSettings = {
				ALWAYS_SEARCH_USER_PATHS = NO;
				CLANG_CXX_LANGUAGE_STANDARD = "gnu++0x";
				CLANG_CXX_LIBRARY = "libc++";
				CLANG_ENABLE_MODULES = YES;
				CLANG_ENABLE_OBJC_ARC = YES;
				CLANG_WARN_BOOL_CONVERSION = YES;
				CLANG_WARN_CONSTANT_CONVERSION = YES;
				CLANG_WARN_DIRECT_OBJC_ISA_USAGE = YES_ERROR;
				CLANG_WARN_EMPTY_BODY = YES;
				CLANG_WARN_ENUM_CONVERSION = YES;
				CLANG_WARN_INT_CONVERSION = YES;
				CLANG_WARN_OBJC_ROOT_CLASS = YES_ERROR;
				CLANG_WARN_UNREACHABLE_CODE = YES;
				CLANG_WARN__DUPLICATE_METHOD_MATCH = YES;
				"CODE_SIGN_IDENTITY[sdk=iphoneos*]" = "iPhone Developer";
				COPY_PHASE_STRIP = NO;
				ENABLE_NS_ASSERTIONS = NO;
				ENABLE_STRICT_OBJC_MSGSEND = YES;
				GCC_C_LANGUAGE_STANDARD = gnu99;
				GCC_WARN_64_TO_32_BIT_CONVERSION = YES;
				GCC_WARN_ABOUT_RETURN_TYPE = YES_ERROR;
				GCC_WARN_UNDECLARED_SELECTOR = YES;
				GCC_WARN_UNINITIALIZED_AUTOS = YES_AGGRESSIVE;
				GCC_WARN_UNUSED_FUNCTION = YES;
				GCC_WARN_UNUSED_VARIABLE = YES;
				IPHONEOS_DEPLOYMENT_TARGET = 8.2;
				MTL_ENABLE_DEBUG_INFO = NO;
				SDKROOT = iphoneos;
				TARGETED_DEVICE_FAMILY = "1,2";
				VALIDATE_PRODUCT = YES;
			};
			name = Release;
		};
		40F302131B84FFC0000791F8 /* Debug */ = {
			isa = XCBuildConfiguration;
			buildSettings = {
				ASSETCATALOG_COMPILER_APPICON_NAME = AppIcon;
				INFOPLIST_FILE = LLDictionaryTest/Info.plist;
				LD_RUNPATH_SEARCH_PATHS = "$(inherited) @executable_path/Frameworks";
				PRODUCT_NAME = "$(TARGET_NAME)";
			};
			name = Debug;
		};
		40F302141B84FFC0000791F8 /* Release */ = {
			isa = XCBuildConfiguration;
			buildSettings = {
				ASSETCATALOG_COMPILER_APPICON_NAME = AppIcon;
				INFOPLIST_FILE = LLDictionaryTest/Info.plist;
				LD_RUNPATH_SEARCH_PATHS = "$(inherited) @executable_path/Frameworks";
				PRODUCT_NAME = "$(TARGET_NAME)";
			};
			name = Release;
		};
		40F302161B84FFC0000791F8 /* Debug */ = {
			isa = XCBuildConfiguration;
			buildSettings = {
				BUNDLE_LOADER = "$(TEST_HOST)";
				FRAMEWORK_SEARCH_PATHS = (
					"$(SDKROOT)/Developer/Library/Frameworks",
					"$(inherited)",
				);
				GCC_PREPROCESSOR_DEFINITIONS = (
					"DEBUG=1",
					"$(inherited)",
				);
				INFOPLIST_FILE = LLDictionaryTestTests/Info.plist;
				LD_RUNPATH_SEARCH_PATHS = "$(inherited) @executable_path/Frameworks @loader_path/Frameworks";
				PRODUCT_NAME = "$(TARGET_NAME)";
				TEST_HOST = "$(BUILT_PRODUCTS_DIR)/LLDictionaryTest.app/LLDictionaryTest";
			};
			name = Debug;
		};
		40F302171B84FFC0000791F8 /* Release */ = {
			isa = XCBuildConfiguration;
			buildSettings = {
				BUNDLE_LOADER = "$(TEST_HOST)";
				FRAMEWORK_SEARCH_PATHS = (
					"$(SDKROOT)/Developer/Library/Frameworks",
					"$(inherited)",
				);
				INFOPLIST_FILE = LLDictionaryTestTests/Info.plist;
				LD_RUNPATH_SEARCH_PATHS = "$(inherited) @executable_path/Frameworks @loader_path/Frameworks";
				PRODUCT_NAME = "$(TARGET_NAME)";
				TEST_HOST = "$(BUILT_PRODUCTS_DIR)/LLDictionaryTest.app/LLDictionaryTest";
			};
			name = Release;
		};
/* End XCBuildConfiguration section */

/* Begin XCConfigurationList section */
		40F301EA1B84FFC0000791F8 /* Build configuration list for PBXProject "LLDictionaryTest" */ = {
			isa = XCConfigurationList;
			buildConfigurations = (
				40F302101B84FFC0000791F8 /* Debug */,
				40F302111B84FFC0000791F8 /* Release */,
			);
			defaultConfigurationIsVisible = 0;
			defaultConfigurationName = Release;
		};
		40F302121B84FFC0000791F8 /* Build configuration list for PBXNativeTarget "LLDictionaryTest" */ = {
			isa = XCConfigurationList;
			buildConfigurations = (
				40F302131B84FFC0000791F8 /* Debug */,
				40F302141B84FFC0000791F8 /* Release */,
			);
			defaultConfigurationIsVisible = 0;
			defaultConfigurationName = Release;
		};
		40F302151B84FFC0000791F8 /* Build configuration list for PBXNativeTarget "LLDictionaryTestTests" */ = {
			isa = XCConfigurationList;
			buildConfigurations = (
				40F302161B84FFC0000791F8 /* Debug */,
				40F302171B84FFC0000791F8 /* Release */,
			);
			defaultConfigurationIsVisible = 0;
			defaultConfigurationName = Release;
		};
/* End XCConfigurationList section */
	};
	rootObject = 40F301E71B84FFC0000791F8 /* Project object */;
}
